
Microsoft Visual Studio Solution File, Format Version 12.00
Project("{FAE04EC0-301F-11D3-BF4B-00C04F79EFBC}") = "LinkedListProblemTemplate", "LinkedListProblemTemplate\LinkedListProblemTemplate.csproj", "{0B1CF0AC-4453-4C57-90E2-B1769940D0DB}"
EndProject
Global
	GlobalSection(SolutionConfigurationPlatforms) = preSolution
		Debug|Any CPU = Debug|Any CPU
		Release|Any CPU = Release|Any CPU
	EndGlobalSection
	GlobalSection(ProjectConfigurationPlatforms) = postSolution
		{0B1CF0AC-4453-4C57-90E2-B1769940D0DB}.Debug|Any CPU.ActiveCfg = Debug|Any CPU
		{0B1CF0AC-4453-4C57-90E2-B1769940D0DB}.Debug|Any CPU.Build.0 = Debug|Any CPU
		{0B1CF0AC-4453-4C57-90E2-B1769940D0DB}.Release|Any CPU.ActiveCfg = Release|Any CPU
		{0B1CF0AC-4453-4C57-90E2-B1769940D0DB}.Release|Any CPU.Build.0 = Release|Any CPU
	EndGlobalSection
EndGlobal
